
Microsoft Visual Studio Solution File, Format Version 12.00
# Visual Studio Version 17
VisualStudioVersion = 17.14.36301.6 d17.14
MinimumVisualStudioVersion = 10.0.40219.1
Project("{FAE04EC0-301F-11D3-BF4B-00C04F79EFBC}") = "MaterialDesignIcons", "MaterialDesignIcons.csproj", "{DF463EA3-EA9E-4157-A7E2-2919B9C6277A}"
EndProject
Global
	GlobalSection(SolutionConfigurationPlatforms) = preSolution
		Debug|Any CPU = Debug|Any CPU
		Release|Any CPU = Release|Any CPU
	EndGlobalSection
	GlobalSection(ProjectConfigurationPlatforms) = postSolution
		{DF463EA3-EA9E-4157-A7E2-2919B9C6277A}.Debug|Any CPU.ActiveCfg = Debug|Any CPU
		{DF463EA3-EA9E-4157-A7E2-2919B9C6277A}.Debug|Any CPU.Build.0 = Debug|Any CPU
		{DF463EA3-EA9E-4157-A7E2-2919B9C6277A}.Release|Any CPU.ActiveCfg = Release|Any CPU
		{DF463EA3-EA9E-4157-A7E2-2919B9C6277A}.Release|Any CPU.Build.0 = Release|Any CPU
	EndGlobalSection
	GlobalSection(SolutionProperties) = preSolution
		HideSolutionNode = FALSE
	EndGlobalSection
	GlobalSection(ExtensibilityGlobals) = postSolution
		SolutionGuid = {11D98A41-6405-42A6-B842-1FEC8C703EA2}
	EndGlobalSection
EndGlobal
